
Microsoft Visual Studio Solution File, Format Version 12.00
# Visual Studio 14
VisualStudioVersion = 14.0.25123.0
MinimumVisualStudioVersion = 10.0.40219.1
Project("{FAE04EC0-301F-11D3-BF4B-00C04F79EFBC}") = "App", "App\App.csproj", "{1BBF516C-9538-40C2-A6C6-6D260AA897C8}"
EndProject
Project("{FAE04EC0-301F-11D3-BF4B-00C04F79EFBC}") = "Domain", "Domain\Domain.csproj", "{F5026129-D1A0-41F9-B332-68D7029F3CA3}"
EndProject
Project("{FAE04EC0-301F-11D3-BF4B-00C04F79EFBC}") = "DAL", "DAL\DAL.csproj", "{FE431777-C411-452C-B93F-1A7154B1AAE8}"
EndProject
Project("{FAE04EC0-301F-11D3-BF4B-00C04F79EFBC}") = "BLL", "ClassLibrary3\BLL.csproj", "{BCC6A9B6-2E86-4596-8DAD-D201D48D56E6}"
EndProject
Global
	GlobalSection(SolutionConfigurationPlatforms) = preSolution
		Debug|Any CPU = Debug|Any CPU
		Release|Any CPU = Release|Any CPU
	EndGlobalSection
	GlobalSection(ProjectConfigurationPlatforms) = postSolution
		{1BBF516C-9538-40C2-A6C6-6D260AA897C8}.Debug|Any CPU.ActiveCfg = Debug|Any CPU
		{1BBF516C-9538-40C2-A6C6-6D260AA897C8}.Debug|Any CPU.Build.0 = Debug|Any CPU
		{1BBF516C-9538-40C2-A6C6-6D260AA897C8}.Release|Any CPU.ActiveCfg = Release|Any CPU
		{1BBF516C-9538-40C2-A6C6-6D260AA897C8}.Release|Any CPU.Build.0 = Release|Any CPU
		{F5026129-D1A0-41F9-B332-68D7029F3CA3}.Debug|Any CPU.ActiveCfg = Debug|Any CPU
		{F5026129-D1A0-41F9-B332-68D7029F3CA3}.Debug|Any CPU.Build.0 = Debug|Any CPU
		{F5026129-D1A0-41F9-B332-68D7029F3CA3}.Release|Any CPU.ActiveCfg = Release|Any CPU
		{F5026129-D1A0-41F9-B332-68D7029F3CA3}.Release|Any CPU.Build.0 = Release|Any CPU
		{FE431777-C411-452C-B93F-1A7154B1AAE8}.Debug|Any CPU.ActiveCfg = Debug|Any CPU
		{FE431777-C411-452C-B93F-1A7154B1AAE8}.Debug|Any CPU.Build.0 = Debug|Any CPU
		{FE431777-C411-452C-B93F-1A7154B1AAE8}.Release|Any CPU.ActiveCfg = Release|Any CPU
		{FE431777-C411-452C-B93F-1A7154B1AAE8}.Release|Any CPU.Build.0 = Release|Any CPU
		{BCC6A9B6-2E86-4596-8DAD-D201D48D56E6}.Debug|Any CPU.ActiveCfg = Debug|Any CPU
		{BCC6A9B6-2E86-4596-8DAD-D201D48D56E6}.Debug|Any CPU.Build.0 = Debug|Any CPU
		{BCC6A9B6-2E86-4596-8DAD-D201D48D56E6}.Release|Any CPU.ActiveCfg = Release|Any CPU
		{BCC6A9B6-2E86-4596-8DAD-D201D48D56E6}.Release|Any CPU.Build.0 = Release|Any CPU
	EndGlobalSection
	GlobalSection(SolutionProperties) = preSolution
		HideSolutionNode = FALSE
	EndGlobalSection
EndGlobal
